# @generated by Move, please check-in and do not edit manually.

[move]
version = 0
manifest_digest = "BAAF657DB279F6F53E17CD55BC95BA00044D3DEA67624D2E24952480B9DAC74E"
deps_digest = "F8BBB0CCB2491CA29A3DF03D6F92277A4F3574266507ACD77214D37ECA3F3082"

dependencies = [
  { name = "Sui" },
]

[[move.package]]
name = "MoveStdlib"
source = { git = "https://github.com/MystenLabs/sui.git", rev = "framework/mainnet", subdir = "crates/sui-framework/packages/move-stdlib" }

[[move.package]]
name = "Sui"
source = { git = "https://github.com/MystenLabs/sui.git", rev = "framework/mainnet", subdir = "crates/sui-framework/packages/sui-framework" }

dependencies = [
  { name = "MoveStdlib" },
]

[move.toolchain-version]
compiler-version = "1.28.3"
edition = "2024.beta"
flavor = "sui"

[env]

[env.mainnet]
chain-id = "35834a8a"
original-published-id = "0x6c42b435f4963a617f25d2b4630f3c2162d910d6c2f14dd0f440f8ad83a2f52f"
latest-published-id = "0x6c42b435f4963a617f25d2b4630f3c2162d910d6c2f14dd0f440f8ad83a2f52f"
published-version = "1"
